// !$*UTF8*$!
{
	archiveVersion = 1;
	classes = {
	};
	objectVersion = 56;
	objects = {

/* Begin PBXBuildFile section */
		C66FEC102EB643C200DCFC29 /* AppDelegate.swift in Sources */ = {isa = PBXBuildFile; fileRef = C66FEC0F2EB643C200DCFC29 /* AppDelegate.swift */; };
		C66FEC122EB643C200DCFC29 /* SceneDelegate.swift in Sources */ = {isa = PBXBuildFile; fileRef = C66FEC112EB643C200DCFC29 /* SceneDelegate.swift */; };
		C66FEC142EB643C200DCFC29 /* ViewController.swift in Sources */ = {isa = PBXBuildFile; fileRef = C66FEC132EB643C200DCFC29 /* ViewController.swift */; };
		C66FEC172EB643C200DCFC29 /* Main.storyboard in Resources */ = {isa = PBXBuildFile; fileRef = C66FEC152EB643C200DCFC29 /* Main.storyboard */; };
		C66FEC192EB643C200DCFC29 /* Assets.xcassets in Resources */ = {isa = PBXBuildFile; fileRef = C66FEC182EB643C200DCFC29 /* Assets.xcassets */; };
		C66FEC1C2EB643C200DCFC29 /* LaunchScreen.storyboard in Resources */ = {isa = PBXBuildFile; fileRef = C66FEC1A2EB643C200DCFC29 /* LaunchScreen.storyboard */; };
		C66FEC242EB643E000DCFC29 /* SnappingCollectionViewController.swift in Sources */ = {isa = PBXBuildFile; fileRef = C66FEC232EB643E000DCFC29 /* SnappingCollectionViewController.swift */; };
		C66FEC262EB6489700DCFC29 /* FlowLayoutSnappingCollectionViewController.swift in Sources */ = {isa = PBXBuildFile; fileRef = C66FEC252EB6489700DCFC29 /* FlowLayoutSnappingCollectionViewController.swift */; };
/* End PBXBuildFile section */

/* Begin PBXFileReference section */
		C66FEC0C2EB643C100DCFC29 /* SnappingCollectionView.app */ = {isa = PBXFileReference; explicitFileType = wrapper.application; includeInIndex = 0; path = SnappingCollectionView.app; sourceTree = BUILT_PRODUCTS_DIR; };
		C66FEC0F2EB643C200DCFC29 /* AppDelegate.swift */ = {isa = PBXFileReference; lastKnownFileType = sourcecode.swift; path = AppDelegate.swift; sourceTree = "<group>"; };
		C66FEC112EB643C200DCFC29 /* SceneDelegate.swift */ = {isa = PBXFileReference; lastKnownFileType = sourcecode.swift; path = SceneDelegate.swift; sourceTree = "<group>"; };
		C66FEC132EB643C200DCFC29 /* ViewController.swift */ = {isa = PBXFileReference; lastKnownFileType = sourcecode.swift; path = ViewController.swift; sourceTree = "<group>"; };
		C66FEC162EB643C200DCFC29 /* Base */ = {isa = PBXFileReference; lastKnownFileType = file.storyboard; name = Base; path = Base.lproj/Main.storyboard; sourceTree = "<group>"; };
		C66FEC182EB643C200DCFC29 /* Assets.xcassets */ = {isa = PBXFileReference; lastKnownFileType = folder.assetcatalog; path = Assets.xcassets; sourceTree = "<group>"; };
		C66FEC1B2EB643C200DCFC29 /* Base */ = {isa = PBXFileReference; lastKnownFileType = file.storyboard; name = Base; path = Base.lproj/LaunchScreen.storyboard; sourceTree = "<group>"; };
		C66FEC1D2EB643C200DCFC29 /* Info.plist */ = {isa = PBXFileReference; lastKnownFileType = text.plist.xml; path = Info.plist; sourceTree = "<group>"; };
		C66FEC232EB643E000DCFC29 /* SnappingCollectionViewController.swift */ = {isa = PBXFileReference; lastKnownFileType = sourcecode.swift; path = SnappingCollectionViewController.swift; sourceTree = "<group>"; };
		C66FEC252EB6489700DCFC29 /* FlowLayoutSnappingCollectionViewController.swift */ = {isa = PBXFileReference; lastKnownFileType = sourcecode.swift; path = FlowLayoutSnappingCollectionViewController.swift; sourceTree = "<group>"; };
/* End PBXFileReference section */

/* Begin PBXFrameworksBuildPhase section */
		C66FEC092EB643C100DCFC29 /* Frameworks */ = {
			isa = PBXFrameworksBuildPhase;
			buildActionMask = 2147483647;
			files = (
			);
			runOnlyForDeploymentPostprocessing = 0;
		};
/* End PBXFrameworksBuildPhase section */

/* Begin PBXGroup section */
		C66FEC032EB643C100DCFC29 = {
			isa = PBXGroup;
			children = (
				C66FEC0E2EB643C100DCFC29 /* SnappingCollectionView */,
				C66FEC0D2EB643C100DCFC29 /* Products */,
			);
			sourceTree = "<group>";
		};
		C66FEC0D2EB643C100DCFC29 /* Products */ = {
			isa = PBXGroup;
			children = (
				C66FEC0C2EB643C100DCFC29 /* SnappingCollectionView.app */,
			);
			name = Products;
			sourceTree = "<group>";
		};
		C66FEC0E2EB643C100DCFC29 /* SnappingCollectionView */ = {
			isa = PBXGroup;
			children = (
				C66FEC0F2EB643C200DCFC29 /* AppDelegate.swift */,
				C66FEC112EB643C200DCFC29 /* SceneDelegate.swift */,
				C66FEC132EB643C200DCFC29 /* ViewController.swift */,
				C66FEC152EB643C200DCFC29 /* Main.storyboard */,
				C66FEC182EB643C200DCFC29 /* Assets.xcassets */,
				C66FEC1A2EB643C200DCFC29 /* LaunchScreen.storyboard */,
				C66FEC1D2EB643C200DCFC29 /* Info.plist */,
				C66FEC232EB643E000DCFC29 /* SnappingCollectionViewController.swift */,
				C66FEC252EB6489700DCFC29 /* FlowLayoutSnappingCollectionViewController.swift */,
			);
			path = SnappingCollectionView;
			sourceTree = "<group>";
		};
/* End PBXGroup section */

/* Begin PBXNativeTarget section */
		C66FEC0B2EB643C100DCFC29 /* SnappingCollectionView */ = {
			isa = PBXNativeTarget;
			buildConfigurationList = C66FEC202EB643C200DCFC29 /* Build configuration list for PBXNativeTarget "SnappingCollectionView" */;
			buildPhases = (
				C66FEC082EB643C100DCFC29 /* Sources */,
				C66FEC092EB643C100DCFC29 /* Frameworks */,
				C66FEC0A2EB643C100DCFC29 /* Resources */,
			);
			buildRules = (
			);
			dependencies = (
			);
			name = SnappingCollectionView;
			productName = SnappingCollectionView;
			productReference = C66FEC0C2EB643C100DCFC29 /* SnappingCollectionView.app */;
			productType = "com.apple.product-type.application";
		};
/* End PBXNativeTarget section */

/* Begin PBXProject section */
		C66FEC042EB643C100DCFC29 /* Project object */ = {
			isa = PBXProject;
			attributes = {
				BuildIndependentTargetsInParallel = 1;
				LastSwiftUpdateCheck = 1410;
				LastUpgradeCheck = 1410;
				TargetAttributes = {
					C66FEC0B2EB643C100DCFC29 = {
						CreatedOnToolsVersion = 14.1;
					};
				};
			};
			buildConfigurationList = C66FEC072EB643C100DCFC29 /* Build configuration list for PBXProject "SnappingCollectionView" */;
			compatibilityVersion = "Xcode 14.0";
			developmentRegion = en;
			hasScannedForEncodings = 0;
			knownRegions = (
				en,
				Base,
			);
			mainGroup = C66FEC032EB643C100DCFC29;
			productRefGroup = C66FEC0D2EB643C100DCFC29 /* Products */;
			projectDirPath = "";
			projectRoot = "";
			targets = (
				C66FEC0B2EB643C100DCFC29 /* SnappingCollectionView */,
			);
		};
/* End PBXProject section */

/* Begin PBXResourcesBuildPhase section */
		C66FEC0A2EB643C100DCFC29 /* Resources */ = {
			isa = PBXResourcesBuildPhase;
			buildActionMask = 2147483647;
			files = (
				C66FEC1C2EB643C200DCFC29 /* LaunchScreen.storyboard in Resources */,
				C66FEC192EB643C200DCFC29 /* Assets.xcassets in Resources */,
				C66FEC172EB643C200DCFC29 /* Main.storyboard in Resources */,
			);
			runOnlyForDeploymentPostprocessing = 0;
		};
/* End PBXResourcesBuildPhase section */

/* Begin PBXSourcesBuildPhase section */
		C66FEC082EB643C100DCFC29 /* Sources */ = {
			isa = PBXSourcesBuildPhase;
			buildActionMask = 2147483647;
			files = (
				C66FEC242EB643E000DCFC29 /* SnappingCollectionViewController.swift in Sources */,
				C66FEC142EB643C200DCFC29 /* ViewController.swift in Sources */,
				C66FEC102EB643C200DCFC29 /* AppDelegate.swift in Sources */,
				C66FEC262EB6489700DCFC29 /* FlowLayoutSnappingCollectionViewController.swift in Sources */,
				C66FEC122EB643C200DCFC29 /* SceneDelegate.swift in Sources */,
			);
			runOnlyForDeploymentPostprocessing = 0;
		};
/* End PBXSourcesBuildPhase section */

/* Begin PBXVariantGroup section */
		C66FEC152EB643C200DCFC29 /* Main.storyboard */ = {
			isa = PBXVariantGroup;
			children = (
				C66FEC162EB643C200DCFC29 /* Base */,
			);
			name = Main.storyboard;
			sourceTree = "<group>";
		};
		C66FEC1A2EB643C200DCFC29 /* LaunchScreen.storyboard */ = {
			isa = PBXVariantGroup;
			children = (
				C66FEC1B2EB643C200DCFC29 /* Base */,
			);
			name = LaunchScreen.storyboard;
			sourceTree = "<group>";
		};
/* End PBXVariantGroup section */

/* Begin XCBuildConfiguration section */
		C66FEC1E2EB643C200DCFC29 /* Debug */ = {
			isa = XCBuildConfiguration;
			buildSettings = {
				ALWAYS_SEARCH_USER_PATHS = NO;
				CLANG_ANALYZER_NONNULL = YES;
				CLANG_ANALYZER_NUMBER_OBJECT_CONVERSION = YES_AGGRESSIVE;
				CLANG_CXX_LANGUAGE_STANDARD = "gnu++20";
				CLANG_ENABLE_MODULES = YES;
				CLANG_ENABLE_OBJC_ARC = YES;
				CLANG_ENABLE_OBJC_WEAK = YES;
				CLANG_WARN_BLOCK_CAPTURE_AUTORELEASING = YES;
				CLANG_WARN_BOOL_CONVERSION = YES;
				CLANG_WARN_COMMA = YES;
				CLANG_WARN_CONSTANT_CONVERSION = YES;
				CLANG_WARN_DEPRECATED_OBJC_IMPLEMENTATIONS = YES;
				CLANG_WARN_DIRECT_OBJC_ISA_USAGE = YES_ERROR;
				CLANG_WARN_DOCUMENTATION_COMMENTS = YES;
				CLANG_WARN_EMPTY_BODY = YES;
				CLANG_WARN_ENUM_CONVERSION = YES;
				CLANG_WARN_INFINITE_RECURSION = YES;
				CLANG_WARN_INT_CONVERSION = YES;
				CLANG_WARN_NON_LITERAL_NULL_CONVERSION = YES;
				CLANG_WARN_OBJC_IMPLICIT_RETAIN_SELF = YES;
				CLANG_WARN_OBJC_LITERAL_CONVERSION = YES;
				CLANG_WARN_OBJC_ROOT_CLASS = YES_ERROR;
				CLANG_WARN_QUOTED_INCLUDE_IN_FRAMEWORK_HEADER = YES;
				CLANG_WARN_RANGE_LOOP_ANALYSIS = YES;
				CLANG_WARN_STRICT_PROTOTYPES = YES;
				CLANG_WARN_SUSPICIOUS_MOVE = YES;
				CLANG_WARN_UNGUARDED_AVAILABILITY = YES_AGGRESSIVE;
				CLANG_WARN_UNREACHABLE_CODE = YES;
				CLANG_WARN__DUPLICATE_METHOD_MATCH = YES;
				COPY_PHASE_STRIP = NO;
				DEBUG_INFORMATION_FORMAT = dwarf;
				ENABLE_STRICT_OBJC_MSGSEND = YES;
				ENABLE_TESTABILITY = YES;
				GCC_C_LANGUAGE_STANDARD = gnu11;
				GCC_DYNAMIC_NO_PIC = NO;
				GCC_NO_COMMON_BLOCKS = YES;
				GCC_OPTIMIZATION_LEVEL = 0;
				GCC_PREPROCESSOR_DEFINITIONS = (
					"DEBUG=1",
					"$(inherited)",
				);
				GCC_WARN_64_TO_32_BIT_CONVERSION = YES;
				GCC_WARN_ABOUT_RETURN_TYPE = YES_ERROR;
				GCC_WARN_UNDECLARED_SELECTOR = YES;
				GCC_WARN_UNINITIALIZED_AUTOS = YES_AGGRESSIVE;
				GCC_WARN_UNUSED_FUNCTION = YES;
				GCC_WARN_UNUSED_VARIABLE = YES;
				IPHONEOS_DEPLOYMENT_TARGET = 16.1;
				MTL_ENABLE_DEBUG_INFO = INCLUDE_SOURCE;
				MTL_FAST_MATH = YES;
				ONLY_ACTIVE_ARCH = YES;
				SDKROOT = iphoneos;
				SWIFT_ACTIVE_COMPILATION_CONDITIONS = DEBUG;
				SWIFT_OPTIMIZATION_LEVEL = "-Onone";
			};
			name = Debug;
		};
		C66FEC1F2EB643C200DCFC29 /* Release */ = {
			isa = XCBuildConfiguration;
			buildSettings = {
				ALWAYS_SEARCH_USER_PATHS = NO;
				CLANG_ANALYZER_NONNULL = YES;
				CLANG_ANALYZER_NUMBER_OBJECT_CONVERSION = YES_AGGRESSIVE;
				CLANG_CXX_LANGUAGE_STANDARD = "gnu++20";
				CLANG_ENABLE_MODULES = YES;
				CLANG_ENABLE_OBJC_ARC = YES;
				CLANG_ENABLE_OBJC_WEAK = YES;
				CLANG_WARN_BLOCK_CAPTURE_AUTORELEASING = YES;
				CLANG_WARN_BOOL_CONVERSION = YES;
				CLANG_WARN_COMMA = YES;
				CLANG_WARN_CONSTANT_CONVERSION = YES;
				CLANG_WARN_DEPRECATED_OBJC_IMPLEMENTATIONS = YES;
				CLANG_WARN_DIRECT_OBJC_ISA_USAGE = YES_ERROR;
				CLANG_WARN_DOCUMENTATION_COMMENTS = YES;
				CLANG_WARN_EMPTY_BODY = YES;
				CLANG_WARN_ENUM_CONVERSION = YES;
				CLANG_WARN_INFINITE_RECURSION = YES;
				CLANG_WARN_INT_CONVERSION = YES;
				CLANG_WARN_NON_LITERAL_NULL_CONVERSION = YES;
				CLANG_WARN_OBJC_IMPLICIT_RETAIN_SELF = YES;
				CLANG_WARN_OBJC_LITERAL_CONVERSION = YES;
				CLANG_WARN_OBJC_ROOT_CLASS = YES_ERROR;
				CLANG_WARN_QUOTED_INCLUDE_IN_FRAMEWORK_HEADER = YES;
				CLANG_WARN_RANGE_LOOP_ANALYSIS = YES;
				CLANG_WARN_STRICT_PROTOTYPES = YES;
				CLANG_WARN_SUSPICIOUS_MOVE = YES;
				CLANG_WARN_UNGUARDED_AVAILABILITY = YES_AGGRESSIVE;
				CLANG_WARN_UNREACHABLE_CODE = YES;
				CLANG_WARN__DUPLICATE_METHOD_MATCH = YES;
				COPY_PHASE_STRIP = NO;
				DEBUG_INFORMATION_FORMAT = "dwarf-with-dsym";
				ENABLE_NS_ASSERTIONS = NO;
				ENABLE_STRICT_OBJC_MSGSEND = YES;
				GCC_C_LANGUAGE_STANDARD = gnu11;
				GCC_NO_COMMON_BLOCKS = YES;
				GCC_WARN_64_TO_32_BIT_CONVERSION = YES;
				GCC_WARN_ABOUT_RETURN_TYPE = YES_ERROR;
				GCC_WARN_UNDECLARED_SELECTOR = YES;
				GCC_WARN_UNINITIALIZED_AUTOS = YES_AGGRESSIVE;
				GCC_WARN_UNUSED_FUNCTION = YES;
				GCC_WARN_UNUSED_VARIABLE = YES;
				IPHONEOS_DEPLOYMENT_TARGET = 16.1;
				MTL_ENABLE_DEBUG_INFO = NO;
				MTL_FAST_MATH = YES;
				SDKROOT = iphoneos;
				SWIFT_COMPILATION_MODE = wholemodule;
				SWIFT_OPTIMIZATION_LEVEL = "-O";
				VALIDATE_PRODUCT = YES;
			};
			name = Release;
		};
		C66FEC212EB643C200DCFC29 /* Debug */ = {
			isa = XCBuildConfiguration;
			buildSettings = {
				ASSETCATALOG_COMPILER_APPICON_NAME = AppIcon;
				ASSETCATALOG_COMPILER_GLOBAL_ACCENT_COLOR_NAME = AccentColor;
				CODE_SIGN_STYLE = Automatic;
				CURRENT_PROJECT_VERSION = 1;
				DEVELOPMENT_TEAM = AJ7963Q2TW;
				GENERATE_INFOPLIST_FILE = YES;
				INFOPLIST_FILE = SnappingCollectionView/Info.plist;
				INFOPLIST_KEY_UIApplicationSupportsIndirectInputEvents = YES;
				INFOPLIST_KEY_UILaunchStoryboardName = LaunchScreen;
				INFOPLIST_KEY_UIMainStoryboardFile = Main;
				INFOPLIST_KEY_UISupportedInterfaceOrientations_iPad = "UIInterfaceOrientationPortrait UIInterfaceOrientationPortraitUpsideDown UIInterfaceOrientationLandscapeLeft UIInterfaceOrientationLandscapeRight";
				INFOPLIST_KEY_UISupportedInterfaceOrientations_iPhone = "UIInterfaceOrientationPortrait UIInterfaceOrientationLandscapeLeft UIInterfaceOrientationLandscapeRight";
				LD_RUNPATH_SEARCH_PATHS = (
					"$(inherited)",
					"@executable_path/Frameworks",
				);
				MARKETING_VERSION = 1.0;
				PRODUCT_BUNDLE_IDENTIFIER = com.kartikey.SnappingCollectionView;
				PRODUCT_NAME = "$(TARGET_NAME)";
				SWIFT_EMIT_LOC_STRINGS = YES;
				SWIFT_VERSION = 5.0;
				TARGETED_DEVICE_FAMILY = "1,2";
			};
			name = Debug;
		};
		C66FEC222EB643C200DCFC29 /* Release */ = {
			isa = XCBuildConfiguration;
			buildSettings = {
				ASSETCATALOG_COMPILER_APPICON_NAME = AppIcon;
				ASSETCATALOG_COMPILER_GLOBAL_ACCENT_COLOR_NAME = AccentColor;
				CODE_SIGN_STYLE = Automatic;
				CURRENT_PROJECT_VERSION = 1;
				DEVELOPMENT_TEAM = AJ7963Q2TW;
				GENERATE_INFOPLIST_FILE = YES;
				INFOPLIST_FILE = SnappingCollectionView/Info.plist;
				INFOPLIST_KEY_UIApplicationSupportsIndirectInputEvents = YES;
				INFOPLIST_KEY_UILaunchStoryboardName = LaunchScreen;
				INFOPLIST_KEY_UIMainStoryboardFile = Main;
				INFOPLIST_KEY_UISupportedInterfaceOrientations_iPad = "UIInterfaceOrientationPortrait UIInterfaceOrientationPortraitUpsideDown UIInterfaceOrientationLandscapeLeft UIInterfaceOrientationLandscapeRight";
				INFOPLIST_KEY_UISupportedInterfaceOrientations_iPhone = "UIInterfaceOrientationPortrait UIInterfaceOrientationLandscapeLeft UIInterfaceOrientationLandscapeRight";
				LD_RUNPATH_SEARCH_PATHS = (
					"$(inherited)",
					"@executable_path/Frameworks",
				);
				MARKETING_VERSION = 1.0;
				PRODUCT_BUNDLE_IDENTIFIER = com.kartikey.SnappingCollectionView;
				PRODUCT_NAME = "$(TARGET_NAME)";
				SWIFT_EMIT_LOC_STRINGS = YES;
				SWIFT_VERSION = 5.0;
				TARGETED_DEVICE_FAMILY = "1,2";
			};
			name = Release;
		};
/* End XCBuildConfiguration section */

/* Begin XCConfigurationList section */
		C66FEC072EB643C100DCFC29 /* Build configuration list for PBXProject "SnappingCollectionView" */ = {
			isa = XCConfigurationList;
			buildConfigurations = (
				C66FEC1E2EB643C200DCFC29 /* Debug */,
				C66FEC1F2EB643C200DCFC29 /* Release */,
			);
			defaultConfigurationIsVisible = 0;
			defaultConfigurationName = Release;
		};
		C66FEC202EB643C200DCFC29 /* Build configuration list for PBXNativeTarget "SnappingCollectionView" */ = {
			isa = XCConfigurationList;
			buildConfigurations = (
				C66FEC212EB643C200DCFC29 /* Debug */,
				C66FEC222EB643C200DCFC29 /* Release */,
			);
			defaultConfigurationIsVisible = 0;
			defaultConfigurationName = Release;
		};
/* End XCConfigurationList section */
	};
	rootObject = C66FEC042EB643C100DCFC29 /* Project object */;
}
