// !$*UTF8*$!
{
	archiveVersion = 1;
	classes = {
	};
	objectVersion = 56;
	objects = {

/* Begin PBXBuildFile section */
		C60CEBBF2EBB367300B80D1E /* AppDelegate.swift in Sources */ = {isa = PBXBuildFile; fileRef = C60CEBBE2EBB367300B80D1E /* AppDelegate.swift */; };
		C60CEBC12EBB367300B80D1E /* SceneDelegate.swift in Sources */ = {isa = PBXBuildFile; fileRef = C60CEBC02EBB367300B80D1E /* SceneDelegate.swift */; };
		C60CEBC32EBB367300B80D1E /* SearchViewController.swift in Sources */ = {isa = PBXBuildFile; fileRef = C60CEBC22EBB367300B80D1E /* SearchViewController.swift */; };
		C60CEBC62EBB367300B80D1E /* Main.storyboard in Resources */ = {isa = PBXBuildFile; fileRef = C60CEBC42EBB367300B80D1E /* Main.storyboard */; };
		C60CEBC82EBB367400B80D1E /* Assets.xcassets in Resources */ = {isa = PBXBuildFile; fileRef = C60CEBC72EBB367400B80D1E /* Assets.xcassets */; };
		C60CEBCB2EBB367400B80D1E /* LaunchScreen.storyboard in Resources */ = {isa = PBXBuildFile; fileRef = C60CEBC92EBB367400B80D1E /* LaunchScreen.storyboard */; };
		C60D2D4A2EBBB84F0076B81E /* ApiService.swift in Sources */ = {isa = PBXBuildFile; fileRef = C60D2D492EBBB8430076B81E /* ApiService.swift */; };
		C636899F2EBF6D2D00DDC884 /* ImageLoader.swift in Sources */ = {isa = PBXBuildFile; fileRef = C636899E2EBF6D2A00DDC884 /* ImageLoader.swift */; };
		C64F20302EBB818800CF719D /* SearchViewModel.swift in Sources */ = {isa = PBXBuildFile; fileRef = C64F202F2EBB818800CF719D /* SearchViewModel.swift */; };
		C64F20352EBB82CE00CF719D /* SearchModel.swift in Sources */ = {isa = PBXBuildFile; fileRef = C64F20342EBB82CE00CF719D /* SearchModel.swift */; };
		C66E4E1E2EBD03F300957E66 /* ImageView+Extension.swift in Sources */ = {isa = PBXBuildFile; fileRef = C66E4E1D2EBD03F300957E66 /* ImageView+Extension.swift */; };
		C66E4E212EBD07BB00957E66 /* UserDetailsViewController.swift in Sources */ = {isa = PBXBuildFile; fileRef = C66E4E202EBD07B400957E66 /* UserDetailsViewController.swift */; };
		C66E4E232EBD07FC00957E66 /* UserDetails.storyboard in Resources */ = {isa = PBXBuildFile; fileRef = C66E4E222EBD07FC00957E66 /* UserDetails.storyboard */; };
		C66E4E252EBD0A0300957E66 /* UserDetailsViewModel.swift in Sources */ = {isa = PBXBuildFile; fileRef = C66E4E242EBD09FC00957E66 /* UserDetailsViewModel.swift */; };
		C66E4E282EBD0A4100957E66 /* UserDetailsModel.swift in Sources */ = {isa = PBXBuildFile; fileRef = C66E4E272EBD0A3900957E66 /* UserDetailsModel.swift */; };
/* End PBXBuildFile section */

/* Begin PBXFileReference section */
		C60CEBBB2EBB367300B80D1E /* GithubSearch.app */ = {isa = PBXFileReference; explicitFileType = wrapper.application; includeInIndex = 0; path = GithubSearch.app; sourceTree = BUILT_PRODUCTS_DIR; };
		C60CEBBE2EBB367300B80D1E /* AppDelegate.swift */ = {isa = PBXFileReference; lastKnownFileType = sourcecode.swift; path = AppDelegate.swift; sourceTree = "<group>"; };
		C60CEBC02EBB367300B80D1E /* SceneDelegate.swift */ = {isa = PBXFileReference; lastKnownFileType = sourcecode.swift; path = SceneDelegate.swift; sourceTree = "<group>"; };
		C60CEBC22EBB367300B80D1E /* SearchViewController.swift */ = {isa = PBXFileReference; lastKnownFileType = sourcecode.swift; path = SearchViewController.swift; sourceTree = "<group>"; };
		C60CEBC52EBB367300B80D1E /* Base */ = {isa = PBXFileReference; lastKnownFileType = file.storyboard; name = Base; path = Base.lproj/Main.storyboard; sourceTree = "<group>"; };
		C60CEBC72EBB367400B80D1E /* Assets.xcassets */ = {isa = PBXFileReference; lastKnownFileType = folder.assetcatalog; path = Assets.xcassets; sourceTree = "<group>"; };
		C60CEBCA2EBB367400B80D1E /* Base */ = {isa = PBXFileReference; lastKnownFileType = file.storyboard; name = Base; path = Base.lproj/LaunchScreen.storyboard; sourceTree = "<group>"; };
		C60CEBCC2EBB367400B80D1E /* Info.plist */ = {isa = PBXFileReference; lastKnownFileType = text.plist.xml; path = Info.plist; sourceTree = "<group>"; };
		C60D2D492EBBB8430076B81E /* ApiService.swift */ = {isa = PBXFileReference; lastKnownFileType = sourcecode.swift; path = ApiService.swift; sourceTree = "<group>"; };
		C636899E2EBF6D2A00DDC884 /* ImageLoader.swift */ = {isa = PBXFileReference; lastKnownFileType = sourcecode.swift; path = ImageLoader.swift; sourceTree = "<group>"; };
		C64F202F2EBB818800CF719D /* SearchViewModel.swift */ = {isa = PBXFileReference; lastKnownFileType = sourcecode.swift; path = SearchViewModel.swift; sourceTree = "<group>"; };
		C64F20342EBB82CE00CF719D /* SearchModel.swift */ = {isa = PBXFileReference; lastKnownFileType = sourcecode.swift; path = SearchModel.swift; sourceTree = "<group>"; };
		C66E4E1D2EBD03F300957E66 /* ImageView+Extension.swift */ = {isa = PBXFileReference; lastKnownFileType = sourcecode.swift; path = "ImageView+Extension.swift"; sourceTree = "<group>"; };
		C66E4E202EBD07B400957E66 /* UserDetailsViewController.swift */ = {isa = PBXFileReference; lastKnownFileType = sourcecode.swift; path = UserDetailsViewController.swift; sourceTree = "<group>"; };
		C66E4E222EBD07FC00957E66 /* UserDetails.storyboard */ = {isa = PBXFileReference; lastKnownFileType = file.storyboard; path = UserDetails.storyboard; sourceTree = "<group>"; };
		C66E4E242EBD09FC00957E66 /* UserDetailsViewModel.swift */ = {isa = PBXFileReference; lastKnownFileType = sourcecode.swift; path = UserDetailsViewModel.swift; sourceTree = "<group>"; };
		C66E4E272EBD0A3900957E66 /* UserDetailsModel.swift */ = {isa = PBXFileReference; lastKnownFileType = sourcecode.swift; path = UserDetailsModel.swift; sourceTree = "<group>"; };
/* End PBXFileReference section */

/* Begin PBXFrameworksBuildPhase section */
		C60CEBB82EBB367300B80D1E /* Frameworks */ = {
			isa = PBXFrameworksBuildPhase;
			buildActionMask = 2147483647;
			files = (
			);
			runOnlyForDeploymentPostprocessing = 0;
		};
/* End PBXFrameworksBuildPhase section */

/* Begin PBXGroup section */
		C60CEBB22EBB367300B80D1E = {
			isa = PBXGroup;
			children = (
				C60CEBBD2EBB367300B80D1E /* GithubSearch */,
				C60CEBBC2EBB367300B80D1E /* Products */,
			);
			sourceTree = "<group>";
		};
		C60CEBBC2EBB367300B80D1E /* Products */ = {
			isa = PBXGroup;
			children = (
				C60CEBBB2EBB367300B80D1E /* GithubSearch.app */,
			);
			name = Products;
			sourceTree = "<group>";
		};
		C60CEBBD2EBB367300B80D1E /* GithubSearch */ = {
			isa = PBXGroup;
			children = (
				C66E4E1C2EBD03CF00957E66 /* Extensions */,
				C60D2D482EBBB82C0076B81E /* Services */,
				C64F20312EBB819000CF719D /* Modules */,
				C60CEBBE2EBB367300B80D1E /* AppDelegate.swift */,
				C60CEBC02EBB367300B80D1E /* SceneDelegate.swift */,
				C60CEBC72EBB367400B80D1E /* Assets.xcassets */,
				C60CEBC92EBB367400B80D1E /* LaunchScreen.storyboard */,
				C60CEBCC2EBB367400B80D1E /* Info.plist */,
			);
			path = GithubSearch;
			sourceTree = "<group>";
		};
		C60D2D482EBBB82C0076B81E /* Services */ = {
			isa = PBXGroup;
			children = (
				C636899E2EBF6D2A00DDC884 /* ImageLoader.swift */,
				C60D2D492EBBB8430076B81E /* ApiService.swift */,
			);
			path = Services;
			sourceTree = "<group>";
		};
		C64F20312EBB819000CF719D /* Modules */ = {
			isa = PBXGroup;
			children = (
				C66E4E1F2EBD07AA00957E66 /* UserDetails */,
				C64F20322EBB819E00CF719D /* Search */,
			);
			path = Modules;
			sourceTree = "<group>";
		};
		C64F20322EBB819E00CF719D /* Search */ = {
			isa = PBXGroup;
			children = (
				C64F20332EBB82B000CF719D /* Models */,
				C60CEBC42EBB367300B80D1E /* Main.storyboard */,
				C64F202F2EBB818800CF719D /* SearchViewModel.swift */,
				C60CEBC22EBB367300B80D1E /* SearchViewController.swift */,
			);
			path = Search;
			sourceTree = "<group>";
		};
		C64F20332EBB82B000CF719D /* Models */ = {
			isa = PBXGroup;
			children = (
				C64F20342EBB82CE00CF719D /* SearchModel.swift */,
			);
			path = Models;
			sourceTree = "<group>";
		};
		C66E4E1C2EBD03CF00957E66 /* Extensions */ = {
			isa = PBXGroup;
			children = (
				C66E4E1D2EBD03F300957E66 /* ImageView+Extension.swift */,
			);
			path = Extensions;
			sourceTree = "<group>";
		};
		C66E4E1F2EBD07AA00957E66 /* UserDetails */ = {
			isa = PBXGroup;
			children = (
				C66E4E262EBD0A1300957E66 /* Models */,
				C66E4E242EBD09FC00957E66 /* UserDetailsViewModel.swift */,
				C66E4E202EBD07B400957E66 /* UserDetailsViewController.swift */,
				C66E4E222EBD07FC00957E66 /* UserDetails.storyboard */,
			);
			path = UserDetails;
			sourceTree = "<group>";
		};
		C66E4E262EBD0A1300957E66 /* Models */ = {
			isa = PBXGroup;
			children = (
				C66E4E272EBD0A3900957E66 /* UserDetailsModel.swift */,
			);
			path = Models;
			sourceTree = "<group>";
		};
/* End PBXGroup section */

/* Begin PBXNativeTarget section */
		C60CEBBA2EBB367300B80D1E /* GithubSearch */ = {
			isa = PBXNativeTarget;
			buildConfigurationList = C60CEBCF2EBB367400B80D1E /* Build configuration list for PBXNativeTarget "GithubSearch" */;
			buildPhases = (
				C60CEBB72EBB367300B80D1E /* Sources */,
				C60CEBB82EBB367300B80D1E /* Frameworks */,
				C60CEBB92EBB367300B80D1E /* Resources */,
			);
			buildRules = (
			);
			dependencies = (
			);
			name = GithubSearch;
			productName = GithubSearch;
			productReference = C60CEBBB2EBB367300B80D1E /* GithubSearch.app */;
			productType = "com.apple.product-type.application";
		};
/* End PBXNativeTarget section */

/* Begin PBXProject section */
		C60CEBB32EBB367300B80D1E /* Project object */ = {
			isa = PBXProject;
			attributes = {
				BuildIndependentTargetsInParallel = 1;
				LastSwiftUpdateCheck = 1410;
				LastUpgradeCheck = 1410;
				TargetAttributes = {
					C60CEBBA2EBB367300B80D1E = {
						CreatedOnToolsVersion = 14.1;
					};
				};
			};
			buildConfigurationList = C60CEBB62EBB367300B80D1E /* Build configuration list for PBXProject "GithubSearch" */;
			compatibilityVersion = "Xcode 14.0";
			developmentRegion = en;
			hasScannedForEncodings = 0;
			knownRegions = (
				en,
				Base,
			);
			mainGroup = C60CEBB22EBB367300B80D1E;
			productRefGroup = C60CEBBC2EBB367300B80D1E /* Products */;
			projectDirPath = "";
			projectRoot = "";
			targets = (
				C60CEBBA2EBB367300B80D1E /* GithubSearch */,
			);
		};
/* End PBXProject section */

/* Begin PBXResourcesBuildPhase section */
		C60CEBB92EBB367300B80D1E /* Resources */ = {
			isa = PBXResourcesBuildPhase;
			buildActionMask = 2147483647;
			files = (
				C60CEBCB2EBB367400B80D1E /* LaunchScreen.storyboard in Resources */,
				C60CEBC82EBB367400B80D1E /* Assets.xcassets in Resources */,
				C66E4E232EBD07FC00957E66 /* UserDetails.storyboard in Resources */,
				C60CEBC62EBB367300B80D1E /* Main.storyboard in Resources */,
			);
			runOnlyForDeploymentPostprocessing = 0;
		};
/* End PBXResourcesBuildPhase section */

/* Begin PBXSourcesBuildPhase section */
		C60CEBB72EBB367300B80D1E /* Sources */ = {
			isa = PBXSourcesBuildPhase;
			buildActionMask = 2147483647;
			files = (
				C60CEBC32EBB367300B80D1E /* SearchViewController.swift in Sources */,
				C60CEBBF2EBB367300B80D1E /* AppDelegate.swift in Sources */,
				C66E4E252EBD0A0300957E66 /* UserDetailsViewModel.swift in Sources */,
				C60D2D4A2EBBB84F0076B81E /* ApiService.swift in Sources */,
				C64F20302EBB818800CF719D /* SearchViewModel.swift in Sources */,
				C636899F2EBF6D2D00DDC884 /* ImageLoader.swift in Sources */,
				C64F20352EBB82CE00CF719D /* SearchModel.swift in Sources */,
				C66E4E1E2EBD03F300957E66 /* ImageView+Extension.swift in Sources */,
				C66E4E282EBD0A4100957E66 /* UserDetailsModel.swift in Sources */,
				C66E4E212EBD07BB00957E66 /* UserDetailsViewController.swift in Sources */,
				C60CEBC12EBB367300B80D1E /* SceneDelegate.swift in Sources */,
			);
			runOnlyForDeploymentPostprocessing = 0;
		};
/* End PBXSourcesBuildPhase section */

/* Begin PBXVariantGroup section */
		C60CEBC42EBB367300B80D1E /* Main.storyboard */ = {
			isa = PBXVariantGroup;
			children = (
				C60CEBC52EBB367300B80D1E /* Base */,
			);
			name = Main.storyboard;
			sourceTree = "<group>";
		};
		C60CEBC92EBB367400B80D1E /* LaunchScreen.storyboard */ = {
			isa = PBXVariantGroup;
			children = (
				C60CEBCA2EBB367400B80D1E /* Base */,
			);
			name = LaunchScreen.storyboard;
			sourceTree = "<group>";
		};
/* End PBXVariantGroup section */

/* Begin XCBuildConfiguration section */
		C60CEBCD2EBB367400B80D1E /* Debug */ = {
			isa = XCBuildConfiguration;
			buildSettings = {
				ALWAYS_SEARCH_USER_PATHS = NO;
				CLANG_ANALYZER_NONNULL = YES;
				CLANG_ANALYZER_NUMBER_OBJECT_CONVERSION = YES_AGGRESSIVE;
				CLANG_CXX_LANGUAGE_STANDARD = "gnu++20";
				CLANG_ENABLE_MODULES = YES;
				CLANG_ENABLE_OBJC_ARC = YES;
				CLANG_ENABLE_OBJC_WEAK = YES;
				CLANG_WARN_BLOCK_CAPTURE_AUTORELEASING = YES;
				CLANG_WARN_BOOL_CONVERSION = YES;
				CLANG_WARN_COMMA = YES;
				CLANG_WARN_CONSTANT_CONVERSION = YES;
				CLANG_WARN_DEPRECATED_OBJC_IMPLEMENTATIONS = YES;
				CLANG_WARN_DIRECT_OBJC_ISA_USAGE = YES_ERROR;
				CLANG_WARN_DOCUMENTATION_COMMENTS = YES;
				CLANG_WARN_EMPTY_BODY = YES;
				CLANG_WARN_ENUM_CONVERSION = YES;
				CLANG_WARN_INFINITE_RECURSION = YES;
				CLANG_WARN_INT_CONVERSION = YES;
				CLANG_WARN_NON_LITERAL_NULL_CONVERSION = YES;
				CLANG_WARN_OBJC_IMPLICIT_RETAIN_SELF = YES;
				CLANG_WARN_OBJC_LITERAL_CONVERSION = YES;
				CLANG_WARN_OBJC_ROOT_CLASS = YES_ERROR;
				CLANG_WARN_QUOTED_INCLUDE_IN_FRAMEWORK_HEADER = YES;
				CLANG_WARN_RANGE_LOOP_ANALYSIS = YES;
				CLANG_WARN_STRICT_PROTOTYPES = YES;
				CLANG_WARN_SUSPICIOUS_MOVE = YES;
				CLANG_WARN_UNGUARDED_AVAILABILITY = YES_AGGRESSIVE;
				CLANG_WARN_UNREACHABLE_CODE = YES;
				CLANG_WARN__DUPLICATE_METHOD_MATCH = YES;
				COPY_PHASE_STRIP = NO;
				DEBUG_INFORMATION_FORMAT = dwarf;
				ENABLE_STRICT_OBJC_MSGSEND = YES;
				ENABLE_TESTABILITY = YES;
				GCC_C_LANGUAGE_STANDARD = gnu11;
				GCC_DYNAMIC_NO_PIC = NO;
				GCC_NO_COMMON_BLOCKS = YES;
				GCC_OPTIMIZATION_LEVEL = 0;
				GCC_PREPROCESSOR_DEFINITIONS = (
					"DEBUG=1",
					"$(inherited)",
				);
				GCC_WARN_64_TO_32_BIT_CONVERSION = YES;
				GCC_WARN_ABOUT_RETURN_TYPE = YES_ERROR;
				GCC_WARN_UNDECLARED_SELECTOR = YES;
				GCC_WARN_UNINITIALIZED_AUTOS = YES_AGGRESSIVE;
				GCC_WARN_UNUSED_FUNCTION = YES;
				GCC_WARN_UNUSED_VARIABLE = YES;
				IPHONEOS_DEPLOYMENT_TARGET = 16.1;
				MTL_ENABLE_DEBUG_INFO = INCLUDE_SOURCE;
				MTL_FAST_MATH = YES;
				ONLY_ACTIVE_ARCH = YES;
				SDKROOT = iphoneos;
				SWIFT_ACTIVE_COMPILATION_CONDITIONS = DEBUG;
				SWIFT_OPTIMIZATION_LEVEL = "-Onone";
			};
			name = Debug;
		};
		C60CEBCE2EBB367400B80D1E /* Release */ = {
			isa = XCBuildConfiguration;
			buildSettings = {
				ALWAYS_SEARCH_USER_PATHS = NO;
				CLANG_ANALYZER_NONNULL = YES;
				CLANG_ANALYZER_NUMBER_OBJECT_CONVERSION = YES_AGGRESSIVE;
				CLANG_CXX_LANGUAGE_STANDARD = "gnu++20";
				CLANG_ENABLE_MODULES = YES;
				CLANG_ENABLE_OBJC_ARC = YES;
				CLANG_ENABLE_OBJC_WEAK = YES;
				CLANG_WARN_BLOCK_CAPTURE_AUTORELEASING = YES;
				CLANG_WARN_BOOL_CONVERSION = YES;
				CLANG_WARN_COMMA = YES;
				CLANG_WARN_CONSTANT_CONVERSION = YES;
				CLANG_WARN_DEPRECATED_OBJC_IMPLEMENTATIONS = YES;
				CLANG_WARN_DIRECT_OBJC_ISA_USAGE = YES_ERROR;
				CLANG_WARN_DOCUMENTATION_COMMENTS = YES;
				CLANG_WARN_EMPTY_BODY = YES;
				CLANG_WARN_ENUM_CONVERSION = YES;
				CLANG_WARN_INFINITE_RECURSION = YES;
				CLANG_WARN_INT_CONVERSION = YES;
				CLANG_WARN_NON_LITERAL_NULL_CONVERSION = YES;
				CLANG_WARN_OBJC_IMPLICIT_RETAIN_SELF = YES;
				CLANG_WARN_OBJC_LITERAL_CONVERSION = YES;
				CLANG_WARN_OBJC_ROOT_CLASS = YES_ERROR;
				CLANG_WARN_QUOTED_INCLUDE_IN_FRAMEWORK_HEADER = YES;
				CLANG_WARN_RANGE_LOOP_ANALYSIS = YES;
				CLANG_WARN_STRICT_PROTOTYPES = YES;
				CLANG_WARN_SUSPICIOUS_MOVE = YES;
				CLANG_WARN_UNGUARDED_AVAILABILITY = YES_AGGRESSIVE;
				CLANG_WARN_UNREACHABLE_CODE = YES;
				CLANG_WARN__DUPLICATE_METHOD_MATCH = YES;
				COPY_PHASE_STRIP = NO;
				DEBUG_INFORMATION_FORMAT = "dwarf-with-dsym";
				ENABLE_NS_ASSERTIONS = NO;
				ENABLE_STRICT_OBJC_MSGSEND = YES;
				GCC_C_LANGUAGE_STANDARD = gnu11;
				GCC_NO_COMMON_BLOCKS = YES;
				GCC_WARN_64_TO_32_BIT_CONVERSION = YES;
				GCC_WARN_ABOUT_RETURN_TYPE = YES_ERROR;
				GCC_WARN_UNDECLARED_SELECTOR = YES;
				GCC_WARN_UNINITIALIZED_AUTOS = YES_AGGRESSIVE;
				GCC_WARN_UNUSED_FUNCTION = YES;
				GCC_WARN_UNUSED_VARIABLE = YES;
				IPHONEOS_DEPLOYMENT_TARGET = 16.1;
				MTL_ENABLE_DEBUG_INFO = NO;
				MTL_FAST_MATH = YES;
				SDKROOT = iphoneos;
				SWIFT_COMPILATION_MODE = wholemodule;
				SWIFT_OPTIMIZATION_LEVEL = "-O";
				VALIDATE_PRODUCT = YES;
			};
			name = Release;
		};
		C60CEBD02EBB367400B80D1E /* Debug */ = {
			isa = XCBuildConfiguration;
			buildSettings = {
				ASSETCATALOG_COMPILER_APPICON_NAME = AppIcon;
				ASSETCATALOG_COMPILER_GLOBAL_ACCENT_COLOR_NAME = AccentColor;
				CODE_SIGN_STYLE = Automatic;
				CURRENT_PROJECT_VERSION = 1;
				DEVELOPMENT_TEAM = AJ7963Q2TW;
				GENERATE_INFOPLIST_FILE = YES;
				INFOPLIST_FILE = GithubSearch/Info.plist;
				INFOPLIST_KEY_UIApplicationSupportsIndirectInputEvents = YES;
				INFOPLIST_KEY_UILaunchStoryboardName = LaunchScreen;
				INFOPLIST_KEY_UIMainStoryboardFile = Main;
				INFOPLIST_KEY_UISupportedInterfaceOrientations_iPad = "UIInterfaceOrientationPortrait UIInterfaceOrientationPortraitUpsideDown UIInterfaceOrientationLandscapeLeft UIInterfaceOrientationLandscapeRight";
				INFOPLIST_KEY_UISupportedInterfaceOrientations_iPhone = "UIInterfaceOrientationPortrait UIInterfaceOrientationLandscapeLeft UIInterfaceOrientationLandscapeRight";
				LD_RUNPATH_SEARCH_PATHS = (
					"$(inherited)",
					"@executable_path/Frameworks",
				);
				MARKETING_VERSION = 1.0;
				PRODUCT_BUNDLE_IDENTIFIER = com.kartikey.GithubSearch;
				PRODUCT_NAME = "$(TARGET_NAME)";
				SWIFT_EMIT_LOC_STRINGS = YES;
				SWIFT_VERSION = 5.0;
				TARGETED_DEVICE_FAMILY = "1,2";
			};
			name = Debug;
		};
		C60CEBD12EBB367400B80D1E /* Release */ = {
			isa = XCBuildConfiguration;
			buildSettings = {
				ASSETCATALOG_COMPILER_APPICON_NAME = AppIcon;
				ASSETCATALOG_COMPILER_GLOBAL_ACCENT_COLOR_NAME = AccentColor;
				CODE_SIGN_STYLE = Automatic;
				CURRENT_PROJECT_VERSION = 1;
				DEVELOPMENT_TEAM = AJ7963Q2TW;
				GENERATE_INFOPLIST_FILE = YES;
				INFOPLIST_FILE = GithubSearch/Info.plist;
				INFOPLIST_KEY_UIApplicationSupportsIndirectInputEvents = YES;
				INFOPLIST_KEY_UILaunchStoryboardName = LaunchScreen;
				INFOPLIST_KEY_UIMainStoryboardFile = Main;
				INFOPLIST_KEY_UISupportedInterfaceOrientations_iPad = "UIInterfaceOrientationPortrait UIInterfaceOrientationPortraitUpsideDown UIInterfaceOrientationLandscapeLeft UIInterfaceOrientationLandscapeRight";
				INFOPLIST_KEY_UISupportedInterfaceOrientations_iPhone = "UIInterfaceOrientationPortrait UIInterfaceOrientationLandscapeLeft UIInterfaceOrientationLandscapeRight";
				LD_RUNPATH_SEARCH_PATHS = (
					"$(inherited)",
					"@executable_path/Frameworks",
				);
				MARKETING_VERSION = 1.0;
				PRODUCT_BUNDLE_IDENTIFIER = com.kartikey.GithubSearch;
				PRODUCT_NAME = "$(TARGET_NAME)";
				SWIFT_EMIT_LOC_STRINGS = YES;
				SWIFT_VERSION = 5.0;
				TARGETED_DEVICE_FAMILY = "1,2";
			};
			name = Release;
		};
/* End XCBuildConfiguration section */

/* Begin XCConfigurationList section */
		C60CEBB62EBB367300B80D1E /* Build configuration list for PBXProject "GithubSearch" */ = {
			isa = XCConfigurationList;
			buildConfigurations = (
				C60CEBCD2EBB367400B80D1E /* Debug */,
				C60CEBCE2EBB367400B80D1E /* Release */,
			);
			defaultConfigurationIsVisible = 0;
			defaultConfigurationName = Release;
		};
		C60CEBCF2EBB367400B80D1E /* Build configuration list for PBXNativeTarget "GithubSearch" */ = {
			isa = XCConfigurationList;
			buildConfigurations = (
				C60CEBD02EBB367400B80D1E /* Debug */,
				C60CEBD12EBB367400B80D1E /* Release */,
			);
			defaultConfigurationIsVisible = 0;
			defaultConfigurationName = Release;
		};
/* End XCConfigurationList section */
	};
	rootObject = C60CEBB32EBB367300B80D1E /* Project object */;
}
