// !$*UTF8*$!
{
	archiveVersion = 1;
	classes = {
	};
	objectVersion = 52;
	objects = {

/* Begin PBXBuildFile section */
		C60F830B27B7E76B0045DE9A /* RideManager.swift in Sources */ = {isa = PBXBuildFile; fileRef = C60F830A27B7E76B0045DE9A /* RideManager.swift */; };
		C64A4962281C5D5400232692 /* FirebaseAnalytics.xcframework in Frameworks */ = {isa = PBXBuildFile; fileRef = C64A4961281C5D5400232692 /* FirebaseAnalytics.xcframework */; };
		C64A4964281C5D5800232692 /* FirebaseCore.xcframework in Frameworks */ = {isa = PBXBuildFile; fileRef = C64A4963281C5D5800232692 /* FirebaseCore.xcframework */; };
		C64A4966281C5D6000232692 /* FirebaseCoreDiagnostics.xcframework in Frameworks */ = {isa = PBXBuildFile; fileRef = C64A4965281C5D6000232692 /* FirebaseCoreDiagnostics.xcframework */; };
		C64A4968281C5D6400232692 /* FirebaseInstallations.xcframework in Frameworks */ = {isa = PBXBuildFile; fileRef = C64A4967281C5D6400232692 /* FirebaseInstallations.xcframework */; };
		C64A496A281C5D6C00232692 /* GoogleAppMeasurement.xcframework in Frameworks */ = {isa = PBXBuildFile; fileRef = C64A4969281C5D6C00232692 /* GoogleAppMeasurement.xcframework */; };
		C64A496C281C5D8300232692 /* GoogleAppMeasurementIdentitySupport.xcframework in Frameworks */ = {isa = PBXBuildFile; fileRef = C64A496B281C5D8300232692 /* GoogleAppMeasurementIdentitySupport.xcframework */; };
		C64A496E281C5D8D00232692 /* GoogleDataTransport.xcframework in Frameworks */ = {isa = PBXBuildFile; fileRef = C64A496D281C5D8D00232692 /* GoogleDataTransport.xcframework */; };
		C64A4970281C5D9300232692 /* GoogleUtilities.xcframework in Frameworks */ = {isa = PBXBuildFile; fileRef = C64A496F281C5D9300232692 /* GoogleUtilities.xcframework */; };
		C64A4972281C5D9900232692 /* nanopb.xcframework in Frameworks */ = {isa = PBXBuildFile; fileRef = C64A4971281C5D9900232692 /* nanopb.xcframework */; };
		C64A4974281C5D9E00232692 /* PromisesObjC.xcframework in Frameworks */ = {isa = PBXBuildFile; fileRef = C64A4973281C5D9E00232692 /* PromisesObjC.xcframework */; };
		C65CF03127F4D6BC00786958 /* LLD+Main+Search+Screen.swift in Sources */ = {isa = PBXBuildFile; fileRef = C65CF03027F4D6BC00786958 /* LLD+Main+Search+Screen.swift */; };
		C664A6B0281C679B00EA6A54 /* StoreKit.framework in Frameworks */ = {isa = PBXBuildFile; fileRef = C664A6AF281C679B00EA6A54 /* StoreKit.framework */; };
		C664A6B2281C67B600EA6A54 /* libz.tbd in Frameworks */ = {isa = PBXBuildFile; fileRef = C664A6B1281C67B600EA6A54 /* libz.tbd */; };
		C664A6B4281C67C900EA6A54 /* libc++.tbd in Frameworks */ = {isa = PBXBuildFile; fileRef = C664A6B3281C67C900EA6A54 /* libc++.tbd */; };
		C664A6B6281C67D800EA6A54 /* libsqlite3.tbd in Frameworks */ = {isa = PBXBuildFile; fileRef = C664A6B5281C67D800EA6A54 /* libsqlite3.tbd */; };
		C674AE4D281C6412008FC2D5 /* FirebaseDatabase.xcframework in Frameworks */ = {isa = PBXBuildFile; fileRef = C674AE4C281C6412008FC2D5 /* FirebaseDatabase.xcframework */; };
		C674AE4F281C6439008FC2D5 /* leveldb-library.xcframework in Frameworks */ = {isa = PBXBuildFile; fileRef = C674AE4E281C6439008FC2D5 /* leveldb-library.xcframework */; };
		C67E72BA28204D9D00CD2E73 /* FirebaseDBManager.swift in Sources */ = {isa = PBXBuildFile; fileRef = C67E72B928204D9D00CD2E73 /* FirebaseDBManager.swift */; };
		C67F2697281C53D0009E87C5 /* GoogleService-Info.plist in Resources */ = {isa = PBXBuildFile; fileRef = C67F2696281C53D0009E87C5 /* GoogleService-Info.plist */; };
		C68273812801F4D800ED647D /* MainScreenViewController.swift in Sources */ = {isa = PBXBuildFile; fileRef = C68273802801F4D800ED647D /* MainScreenViewController.swift */; };
		C68273842801F65900ED647D /* MainScreenViewModel.swift in Sources */ = {isa = PBXBuildFile; fileRef = C68273832801F65900ED647D /* MainScreenViewModel.swift */; };
		C6837B3B27AE6CC300D86245 /* AppDelegate.swift in Sources */ = {isa = PBXBuildFile; fileRef = C6837B3A27AE6CC300D86245 /* AppDelegate.swift */; };
		C6837B3D27AE6CC300D86245 /* SceneDelegate.swift in Sources */ = {isa = PBXBuildFile; fileRef = C6837B3C27AE6CC300D86245 /* SceneDelegate.swift */; };
		C6837B3F27AE6CC300D86245 /* ViewController.swift in Sources */ = {isa = PBXBuildFile; fileRef = C6837B3E27AE6CC300D86245 /* ViewController.swift */; };
		C6837B4227AE6CC300D86245 /* SearchScreen.storyboard in Resources */ = {isa = PBXBuildFile; fileRef = C6837B4027AE6CC300D86245 /* SearchScreen.storyboard */; };
		C6837B4427AE6CC300D86245 /* Assets.xcassets in Resources */ = {isa = PBXBuildFile; fileRef = C6837B4327AE6CC300D86245 /* Assets.xcassets */; };
		C6837B4727AE6CC300D86245 /* LaunchScreen.storyboard in Resources */ = {isa = PBXBuildFile; fileRef = C6837B4527AE6CC300D86245 /* LaunchScreen.storyboard */; };
		C6837B5427AE9FDF00D86245 /* MainSceenController.swift in Sources */ = {isa = PBXBuildFile; fileRef = C6837B5327AE9FDF00D86245 /* MainSceenController.swift */; };
		C6837B5627AEAA5B00D86245 /* SearchManager.swift in Sources */ = {isa = PBXBuildFile; fileRef = C6837B5527AEAA5B00D86245 /* SearchManager.swift */; };
		C6837B5827AEC07C00D86245 /* LocationModels.swift in Sources */ = {isa = PBXBuildFile; fileRef = C6837B5727AEC07C00D86245 /* LocationModels.swift */; };
		C68446272800BA5100240EBE /* Main.storyboard in Resources */ = {isa = PBXBuildFile; fileRef = C68446262800BA5100240EBE /* Main.storyboard */; };
		C6915134282444C40094A7A9 /* Loggers.swift in Sources */ = {isa = PBXBuildFile; fileRef = C6915133282444C40094A7A9 /* Loggers.swift */; };
		C6A135192819B104009CF565 /* LocationItem.swift in Sources */ = {isa = PBXBuildFile; fileRef = C6A135182819B104009CF565 /* LocationItem.swift */; };
		C6A1351C2819B62E009CF565 /* PreviousDestinationApiRepository.swift in Sources */ = {isa = PBXBuildFile; fileRef = C6A1351B2819B62E009CF565 /* PreviousDestinationApiRepository.swift */; };
		C6A1351F2819B79B009CF565 /* HTTPUtility.swift in Sources */ = {isa = PBXBuildFile; fileRef = C6A1351E2819B79B009CF565 /* HTTPUtility.swift */; };
		C6FB82C3281079B100A9FF2A /* LocationManager.swift in Sources */ = {isa = PBXBuildFile; fileRef = C6FB82C2281079B100A9FF2A /* LocationManager.swift */; };
/* End PBXBuildFile section */

/* Begin PBXFileReference section */
		C60F830A27B7E76B0045DE9A /* RideManager.swift */ = {isa = PBXFileReference; lastKnownFileType = sourcecode.swift; path = RideManager.swift; sourceTree = "<group>"; };
		C64A4961281C5D5400232692 /* FirebaseAnalytics.xcframework */ = {isa = PBXFileReference; lastKnownFileType = wrapper.xcframework; path = FirebaseAnalytics.xcframework; sourceTree = "<group>"; };
		C64A4963281C5D5800232692 /* FirebaseCore.xcframework */ = {isa = PBXFileReference; lastKnownFileType = wrapper.xcframework; path = FirebaseCore.xcframework; sourceTree = "<group>"; };
		C64A4965281C5D6000232692 /* FirebaseCoreDiagnostics.xcframework */ = {isa = PBXFileReference; lastKnownFileType = wrapper.xcframework; path = FirebaseCoreDiagnostics.xcframework; sourceTree = "<group>"; };
		C64A4967281C5D6400232692 /* FirebaseInstallations.xcframework */ = {isa = PBXFileReference; lastKnownFileType = wrapper.xcframework; path = FirebaseInstallations.xcframework; sourceTree = "<group>"; };
		C64A4969281C5D6C00232692 /* GoogleAppMeasurement.xcframework */ = {isa = PBXFileReference; lastKnownFileType = wrapper.xcframework; path = GoogleAppMeasurement.xcframework; sourceTree = "<group>"; };
		C64A496B281C5D8300232692 /* GoogleAppMeasurementIdentitySupport.xcframework */ = {isa = PBXFileReference; lastKnownFileType = wrapper.xcframework; path = GoogleAppMeasurementIdentitySupport.xcframework; sourceTree = "<group>"; };
		C64A496D281C5D8D00232692 /* GoogleDataTransport.xcframework */ = {isa = PBXFileReference; lastKnownFileType = wrapper.xcframework; path = GoogleDataTransport.xcframework; sourceTree = "<group>"; };
		C64A496F281C5D9300232692 /* GoogleUtilities.xcframework */ = {isa = PBXFileReference; lastKnownFileType = wrapper.xcframework; path = GoogleUtilities.xcframework; sourceTree = "<group>"; };
		C64A4971281C5D9900232692 /* nanopb.xcframework */ = {isa = PBXFileReference; lastKnownFileType = wrapper.xcframework; path = nanopb.xcframework; sourceTree = "<group>"; };
		C64A4973281C5D9E00232692 /* PromisesObjC.xcframework */ = {isa = PBXFileReference; lastKnownFileType = wrapper.xcframework; path = PromisesObjC.xcframework; sourceTree = "<group>"; };
		C65CF03027F4D6BC00786958 /* LLD+Main+Search+Screen.swift */ = {isa = PBXFileReference; lastKnownFileType = sourcecode.swift; path = "LLD+Main+Search+Screen.swift"; sourceTree = "<group>"; };
		C664A6AF281C679B00EA6A54 /* StoreKit.framework */ = {isa = PBXFileReference; lastKnownFileType = wrapper.framework; name = StoreKit.framework; path = System/Library/Frameworks/StoreKit.framework; sourceTree = SDKROOT; };
		C664A6B1281C67B600EA6A54 /* libz.tbd */ = {isa = PBXFileReference; lastKnownFileType = "sourcecode.text-based-dylib-definition"; name = libz.tbd; path = usr/lib/libz.tbd; sourceTree = SDKROOT; };
		C664A6B3281C67C900EA6A54 /* libc++.tbd */ = {isa = PBXFileReference; lastKnownFileType = "sourcecode.text-based-dylib-definition"; name = "libc++.tbd"; path = "usr/lib/libc++.tbd"; sourceTree = SDKROOT; };
		C664A6B5281C67D800EA6A54 /* libsqlite3.tbd */ = {isa = PBXFileReference; lastKnownFileType = "sourcecode.text-based-dylib-definition"; name = libsqlite3.tbd; path = usr/lib/libsqlite3.tbd; sourceTree = SDKROOT; };
		C674AE4C281C6412008FC2D5 /* FirebaseDatabase.xcframework */ = {isa = PBXFileReference; lastKnownFileType = wrapper.xcframework; path = FirebaseDatabase.xcframework; sourceTree = "<group>"; };
		C674AE4E281C6439008FC2D5 /* leveldb-library.xcframework */ = {isa = PBXFileReference; lastKnownFileType = wrapper.xcframework; path = "leveldb-library.xcframework"; sourceTree = "<group>"; };
		C67E72B928204D9D00CD2E73 /* FirebaseDBManager.swift */ = {isa = PBXFileReference; lastKnownFileType = sourcecode.swift; path = FirebaseDBManager.swift; sourceTree = "<group>"; };
		C67F2696281C53D0009E87C5 /* GoogleService-Info.plist */ = {isa = PBXFileReference; fileEncoding = 4; lastKnownFileType = text.plist.xml; path = "GoogleService-Info.plist"; sourceTree = "<group>"; };
		C67F269A281C563D009E87C5 /* Firebase.h */ = {isa = PBXFileReference; fileEncoding = 4; lastKnownFileType = sourcecode.c.h; path = Firebase.h; sourceTree = "<group>"; };
		C67F269B281C5671009E87C5 /* module.modulemap */ = {isa = PBXFileReference; lastKnownFileType = "sourcecode.module-map"; path = module.modulemap; sourceTree = "<group>"; };
		C68273802801F4D800ED647D /* MainScreenViewController.swift */ = {isa = PBXFileReference; lastKnownFileType = sourcecode.swift; path = MainScreenViewController.swift; sourceTree = "<group>"; };
		C68273832801F65900ED647D /* MainScreenViewModel.swift */ = {isa = PBXFileReference; lastKnownFileType = sourcecode.swift; path = MainScreenViewModel.swift; sourceTree = "<group>"; };
		C6837B3727AE6CC300D86245 /* OLA UBER CLONE.app */ = {isa = PBXFileReference; explicitFileType = wrapper.application; includeInIndex = 0; path = "OLA UBER CLONE.app"; sourceTree = BUILT_PRODUCTS_DIR; };
		C6837B3A27AE6CC300D86245 /* AppDelegate.swift */ = {isa = PBXFileReference; lastKnownFileType = sourcecode.swift; path = AppDelegate.swift; sourceTree = "<group>"; };
		C6837B3C27AE6CC300D86245 /* SceneDelegate.swift */ = {isa = PBXFileReference; lastKnownFileType = sourcecode.swift; path = SceneDelegate.swift; sourceTree = "<group>"; };
		C6837B3E27AE6CC300D86245 /* ViewController.swift */ = {isa = PBXFileReference; lastKnownFileType = sourcecode.swift; path = ViewController.swift; sourceTree = "<group>"; };
		C6837B4127AE6CC300D86245 /* Base */ = {isa = PBXFileReference; lastKnownFileType = file.storyboard; name = Base; path = Base.lproj/SearchScreen.storyboard; sourceTree = "<group>"; };
		C6837B4327AE6CC300D86245 /* Assets.xcassets */ = {isa = PBXFileReference; lastKnownFileType = folder.assetcatalog; path = Assets.xcassets; sourceTree = "<group>"; };
		C6837B4627AE6CC300D86245 /* Base */ = {isa = PBXFileReference; lastKnownFileType = file.storyboard; name = Base; path = Base.lproj/LaunchScreen.storyboard; sourceTree = "<group>"; };
		C6837B4827AE6CC300D86245 /* Info.plist */ = {isa = PBXFileReference; lastKnownFileType = text.plist.xml; path = Info.plist; sourceTree = "<group>"; };
		C6837B5327AE9FDF00D86245 /* MainSceenController.swift */ = {isa = PBXFileReference; lastKnownFileType = sourcecode.swift; path = MainSceenController.swift; sourceTree = "<group>"; };
		C6837B5527AEAA5B00D86245 /* SearchManager.swift */ = {isa = PBXFileReference; lastKnownFileType = sourcecode.swift; path = SearchManager.swift; sourceTree = "<group>"; };
		C6837B5727AEC07C00D86245 /* LocationModels.swift */ = {isa = PBXFileReference; lastKnownFileType = sourcecode.swift; path = LocationModels.swift; sourceTree = "<group>"; };
		C68446262800BA5100240EBE /* Main.storyboard */ = {isa = PBXFileReference; lastKnownFileType = file.storyboard; path = Main.storyboard; sourceTree = "<group>"; };
		C6915133282444C40094A7A9 /* Loggers.swift */ = {isa = PBXFileReference; lastKnownFileType = sourcecode.swift; path = Loggers.swift; sourceTree = "<group>"; };
		C6A135182819B104009CF565 /* LocationItem.swift */ = {isa = PBXFileReference; lastKnownFileType = sourcecode.swift; path = LocationItem.swift; sourceTree = "<group>"; };
		C6A1351B2819B62E009CF565 /* PreviousDestinationApiRepository.swift */ = {isa = PBXFileReference; lastKnownFileType = sourcecode.swift; path = PreviousDestinationApiRepository.swift; sourceTree = "<group>"; };
		C6A1351E2819B79B009CF565 /* HTTPUtility.swift */ = {isa = PBXFileReference; lastKnownFileType = sourcecode.swift; path = HTTPUtility.swift; sourceTree = "<group>"; };
		C6FB82C2281079B100A9FF2A /* LocationManager.swift */ = {isa = PBXFileReference; lastKnownFileType = sourcecode.swift; path = LocationManager.swift; sourceTree = "<group>"; };
/* End PBXFileReference section */

/* Begin PBXFrameworksBuildPhase section */
		C6837B3427AE6CC300D86245 /* Frameworks */ = {
			isa = PBXFrameworksBuildPhase;
			buildActionMask = 2147483647;
			files = (
				C664A6B6281C67D800EA6A54 /* libsqlite3.tbd in Frameworks */,
				C664A6B4281C67C900EA6A54 /* libc++.tbd in Frameworks */,
				C664A6B2281C67B600EA6A54 /* libz.tbd in Frameworks */,
				C664A6B0281C679B00EA6A54 /* StoreKit.framework in Frameworks */,
				C64A4974281C5D9E00232692 /* PromisesObjC.xcframework in Frameworks */,
				C64A4962281C5D5400232692 /* FirebaseAnalytics.xcframework in Frameworks */,
				C64A496C281C5D8300232692 /* GoogleAppMeasurementIdentitySupport.xcframework in Frameworks */,
				C64A496A281C5D6C00232692 /* GoogleAppMeasurement.xcframework in Frameworks */,
				C64A4970281C5D9300232692 /* GoogleUtilities.xcframework in Frameworks */,
				C674AE4D281C6412008FC2D5 /* FirebaseDatabase.xcframework in Frameworks */,
				C64A4966281C5D6000232692 /* FirebaseCoreDiagnostics.xcframework in Frameworks */,
				C64A496E281C5D8D00232692 /* GoogleDataTransport.xcframework in Frameworks */,
				C64A4972281C5D9900232692 /* nanopb.xcframework in Frameworks */,
				C64A4968281C5D6400232692 /* FirebaseInstallations.xcframework in Frameworks */,
				C64A4964281C5D5800232692 /* FirebaseCore.xcframework in Frameworks */,
				C674AE4F281C6439008FC2D5 /* leveldb-library.xcframework in Frameworks */,
			);
			runOnlyForDeploymentPostprocessing = 0;
		};
/* End PBXFrameworksBuildPhase section */

/* Begin PBXGroup section */
		C65CF02F27F4D68B00786958 /* LLD */ = {
			isa = PBXGroup;
			children = (
				C65CF03027F4D6BC00786958 /* LLD+Main+Search+Screen.swift */,
			);
			path = LLD;
			sourceTree = "<group>";
		};
		C664A6AE281C66BF00EA6A54 /* Frameworks */ = {
			isa = PBXGroup;
			children = (
				C664A6B5281C67D800EA6A54 /* libsqlite3.tbd */,
				C664A6B3281C67C900EA6A54 /* libc++.tbd */,
				C664A6B1281C67B600EA6A54 /* libz.tbd */,
				C664A6AF281C679B00EA6A54 /* StoreKit.framework */,
				C64A4961281C5D5400232692 /* FirebaseAnalytics.xcframework */,
				C64A4963281C5D5800232692 /* FirebaseCore.xcframework */,
				C64A4965281C5D6000232692 /* FirebaseCoreDiagnostics.xcframework */,
				C64A4967281C5D6400232692 /* FirebaseInstallations.xcframework */,
				C64A4969281C5D6C00232692 /* GoogleAppMeasurement.xcframework */,
				C64A496B281C5D8300232692 /* GoogleAppMeasurementIdentitySupport.xcframework */,
				C64A496D281C5D8D00232692 /* GoogleDataTransport.xcframework */,
				C64A496F281C5D9300232692 /* GoogleUtilities.xcframework */,
				C64A4971281C5D9900232692 /* nanopb.xcframework */,
				C64A4973281C5D9E00232692 /* PromisesObjC.xcframework */,
				C674AE4C281C6412008FC2D5 /* FirebaseDatabase.xcframework */,
				C674AE4E281C6439008FC2D5 /* leveldb-library.xcframework */,
			);
			name = Frameworks;
			sourceTree = "<group>";
		};
		C68273822801F64400ED647D /* ViewModel */ = {
			isa = PBXGroup;
			children = (
				C68273832801F65900ED647D /* MainScreenViewModel.swift */,
			);
			path = ViewModel;
			sourceTree = "<group>";
		};
		C6837B2E27AE6CC300D86245 = {
			isa = PBXGroup;
			children = (
				C6837B3927AE6CC300D86245 /* OLA UBER CLONE */,
				C6837B3827AE6CC300D86245 /* Products */,
				C664A6AE281C66BF00EA6A54 /* Frameworks */,
			);
			sourceTree = "<group>";
		};
		C6837B3827AE6CC300D86245 /* Products */ = {
			isa = PBXGroup;
			children = (
				C6837B3727AE6CC300D86245 /* OLA UBER CLONE.app */,
			);
			name = Products;
			sourceTree = "<group>";
		};
		C6837B3927AE6CC300D86245 /* OLA UBER CLONE */ = {
			isa = PBXGroup;
			children = (
				C67F269A281C563D009E87C5 /* Firebase.h */,
				C67F2696281C53D0009E87C5 /* GoogleService-Info.plist */,
				C6A1351D2819B789009CF565 /* Utilities */,
				C6A1351A2819B604009CF565 /* Repositories */,
				C6A135172819B0CC009CF565 /* ModelsForViews */,
				C68273822801F64400ED647D /* ViewModel */,
				C65CF02F27F4D68B00786958 /* LLD */,
				C6837B5227AE9CE400D86245 /* Managers */,
				C6837B5127AE9CD900D86245 /* Globals */,
				C6837B5027AE9CC900D86245 /* Controllers */,
				C6837B4F27AE9CC100D86245 /* Models */,
				C6837B4E27AE9CBA00D86245 /* Views */,
				C6837B4327AE6CC300D86245 /* Assets.xcassets */,
				C6837B4827AE6CC300D86245 /* Info.plist */,
				C67F269B281C5671009E87C5 /* module.modulemap */,
			);
			path = "OLA UBER CLONE";
			sourceTree = "<group>";
		};
		C6837B4E27AE9CBA00D86245 /* Views */ = {
			isa = PBXGroup;
			children = (
				C6837B4527AE6CC300D86245 /* LaunchScreen.storyboard */,
				C6837B4027AE6CC300D86245 /* SearchScreen.storyboard */,
				C68446262800BA5100240EBE /* Main.storyboard */,
				C6837B3E27AE6CC300D86245 /* ViewController.swift */,
				C68273802801F4D800ED647D /* MainScreenViewController.swift */,
			);
			path = Views;
			sourceTree = "<group>";
		};
		C6837B4F27AE9CC100D86245 /* Models */ = {
			isa = PBXGroup;
			children = (
				C6837B5727AEC07C00D86245 /* LocationModels.swift */,
			);
			path = Models;
			sourceTree = "<group>";
		};
		C6837B5027AE9CC900D86245 /* Controllers */ = {
			isa = PBXGroup;
			children = (
				C6837B5327AE9FDF00D86245 /* MainSceenController.swift */,
			);
			path = Controllers;
			sourceTree = "<group>";
		};
		C6837B5127AE9CD900D86245 /* Globals */ = {
			isa = PBXGroup;
			children = (
				C6837B3C27AE6CC300D86245 /* SceneDelegate.swift */,
				C6837B3A27AE6CC300D86245 /* AppDelegate.swift */,
				C6915133282444C40094A7A9 /* Loggers.swift */,
			);
			path = Globals;
			sourceTree = "<group>";
		};
		C6837B5227AE9CE400D86245 /* Managers */ = {
			isa = PBXGroup;
			children = (
				C6837B5527AEAA5B00D86245 /* SearchManager.swift */,
				C60F830A27B7E76B0045DE9A /* RideManager.swift */,
				C6FB82C2281079B100A9FF2A /* LocationManager.swift */,
				C67E72B928204D9D00CD2E73 /* FirebaseDBManager.swift */,
			);
			path = Managers;
			sourceTree = "<group>";
		};
		C6A135172819B0CC009CF565 /* ModelsForViews */ = {
			isa = PBXGroup;
			children = (
				C6A135182819B104009CF565 /* LocationItem.swift */,
			);
			path = ModelsForViews;
			sourceTree = "<group>";
		};
		C6A1351A2819B604009CF565 /* Repositories */ = {
			isa = PBXGroup;
			children = (
				C6A1351B2819B62E009CF565 /* PreviousDestinationApiRepository.swift */,
			);
			path = Repositories;
			sourceTree = "<group>";
		};
		C6A1351D2819B789009CF565 /* Utilities */ = {
			isa = PBXGroup;
			children = (
				C6A1351E2819B79B009CF565 /* HTTPUtility.swift */,
			);
			path = Utilities;
			sourceTree = "<group>";
		};
/* End PBXGroup section */

/* Begin PBXNativeTarget section */
		C6837B3627AE6CC300D86245 /* OLA UBER CLONE */ = {
			isa = PBXNativeTarget;
			buildConfigurationList = C6837B4B27AE6CC300D86245 /* Build configuration list for PBXNativeTarget "OLA UBER CLONE" */;
			buildPhases = (
				C6837B3327AE6CC300D86245 /* Sources */,
				C6837B3427AE6CC300D86245 /* Frameworks */,
				C6837B3527AE6CC300D86245 /* Resources */,
			);
			buildRules = (
			);
			dependencies = (
			);
			name = "OLA UBER CLONE";
			productName = "OLA UBER CLONE";
			productReference = C6837B3727AE6CC300D86245 /* OLA UBER CLONE.app */;
			productType = "com.apple.product-type.application";
		};
/* End PBXNativeTarget section */

/* Begin PBXProject section */
		C6837B2F27AE6CC300D86245 /* Project object */ = {
			isa = PBXProject;
			attributes = {
				LastSwiftUpdateCheck = 1250;
				LastUpgradeCheck = 1250;
				TargetAttributes = {
					C6837B3627AE6CC300D86245 = {
						CreatedOnToolsVersion = 12.5.1;
					};
				};
			};
			buildConfigurationList = C6837B3227AE6CC300D86245 /* Build configuration list for PBXProject "OLA UBER CLONE" */;
			compatibilityVersion = "Xcode 9.3";
			developmentRegion = en;
			hasScannedForEncodings = 0;
			knownRegions = (
				en,
				Base,
			);
			mainGroup = C6837B2E27AE6CC300D86245;
			productRefGroup = C6837B3827AE6CC300D86245 /* Products */;
			projectDirPath = "";
			projectRoot = "";
			targets = (
				C6837B3627AE6CC300D86245 /* OLA UBER CLONE */,
			);
		};
/* End PBXProject section */

/* Begin PBXResourcesBuildPhase section */
		C6837B3527AE6CC300D86245 /* Resources */ = {
			isa = PBXResourcesBuildPhase;
			buildActionMask = 2147483647;
			files = (
				C6837B4727AE6CC300D86245 /* LaunchScreen.storyboard in Resources */,
				C6837B4427AE6CC300D86245 /* Assets.xcassets in Resources */,
				C67F2697281C53D0009E87C5 /* GoogleService-Info.plist in Resources */,
				C6837B4227AE6CC300D86245 /* SearchScreen.storyboard in Resources */,
				C68446272800BA5100240EBE /* Main.storyboard in Resources */,
			);
			runOnlyForDeploymentPostprocessing = 0;
		};
/* End PBXResourcesBuildPhase section */

/* Begin PBXSourcesBuildPhase section */
		C6837B3327AE6CC300D86245 /* Sources */ = {
			isa = PBXSourcesBuildPhase;
			buildActionMask = 2147483647;
			files = (
				C6837B5827AEC07C00D86245 /* LocationModels.swift in Sources */,
				C68273842801F65900ED647D /* MainScreenViewModel.swift in Sources */,
				C6837B3F27AE6CC300D86245 /* ViewController.swift in Sources */,
				C6FB82C3281079B100A9FF2A /* LocationManager.swift in Sources */,
				C6837B3B27AE6CC300D86245 /* AppDelegate.swift in Sources */,
				C6837B5627AEAA5B00D86245 /* SearchManager.swift in Sources */,
				C60F830B27B7E76B0045DE9A /* RideManager.swift in Sources */,
				C6837B3D27AE6CC300D86245 /* SceneDelegate.swift in Sources */,
				C67E72BA28204D9D00CD2E73 /* FirebaseDBManager.swift in Sources */,
				C6A1351C2819B62E009CF565 /* PreviousDestinationApiRepository.swift in Sources */,
				C6837B5427AE9FDF00D86245 /* MainSceenController.swift in Sources */,
				C6915134282444C40094A7A9 /* Loggers.swift in Sources */,
				C6A1351F2819B79B009CF565 /* HTTPUtility.swift in Sources */,
				C6A135192819B104009CF565 /* LocationItem.swift in Sources */,
				C65CF03127F4D6BC00786958 /* LLD+Main+Search+Screen.swift in Sources */,
				C68273812801F4D800ED647D /* MainScreenViewController.swift in Sources */,
			);
			runOnlyForDeploymentPostprocessing = 0;
		};
/* End PBXSourcesBuildPhase section */

/* Begin PBXVariantGroup section */
		C6837B4027AE6CC300D86245 /* SearchScreen.storyboard */ = {
			isa = PBXVariantGroup;
			children = (
				C6837B4127AE6CC300D86245 /* Base */,
			);
			name = SearchScreen.storyboard;
			sourceTree = "<group>";
		};
		C6837B4527AE6CC300D86245 /* LaunchScreen.storyboard */ = {
			isa = PBXVariantGroup;
			children = (
				C6837B4627AE6CC300D86245 /* Base */,
			);
			name = LaunchScreen.storyboard;
			sourceTree = "<group>";
		};
/* End PBXVariantGroup section */

/* Begin XCBuildConfiguration section */
		C6837B4927AE6CC300D86245 /* Debug */ = {
			isa = XCBuildConfiguration;
			buildSettings = {
				ALWAYS_SEARCH_USER_PATHS = NO;
				CLANG_ANALYZER_NONNULL = YES;
				CLANG_ANALYZER_NUMBER_OBJECT_CONVERSION = YES_AGGRESSIVE;
				CLANG_CXX_LANGUAGE_STANDARD = "gnu++14";
				CLANG_CXX_LIBRARY = "libc++";
				CLANG_ENABLE_MODULES = YES;
				CLANG_ENABLE_OBJC_ARC = YES;
				CLANG_ENABLE_OBJC_WEAK = YES;
				CLANG_WARN_BLOCK_CAPTURE_AUTORELEASING = YES;
				CLANG_WARN_BOOL_CONVERSION = YES;
				CLANG_WARN_COMMA = YES;
				CLANG_WARN_CONSTANT_CONVERSION = YES;
				CLANG_WARN_DEPRECATED_OBJC_IMPLEMENTATIONS = YES;
				CLANG_WARN_DIRECT_OBJC_ISA_USAGE = YES_ERROR;
				CLANG_WARN_DOCUMENTATION_COMMENTS = YES;
				CLANG_WARN_EMPTY_BODY = YES;
				CLANG_WARN_ENUM_CONVERSION = YES;
				CLANG_WARN_INFINITE_RECURSION = YES;
				CLANG_WARN_INT_CONVERSION = YES;
				CLANG_WARN_NON_LITERAL_NULL_CONVERSION = YES;
				CLANG_WARN_OBJC_IMPLICIT_RETAIN_SELF = YES;
				CLANG_WARN_OBJC_LITERAL_CONVERSION = YES;
				CLANG_WARN_OBJC_ROOT_CLASS = YES_ERROR;
				CLANG_WARN_QUOTED_INCLUDE_IN_FRAMEWORK_HEADER = YES;
				CLANG_WARN_RANGE_LOOP_ANALYSIS = YES;
				CLANG_WARN_STRICT_PROTOTYPES = YES;
				CLANG_WARN_SUSPICIOUS_MOVE = YES;
				CLANG_WARN_UNGUARDED_AVAILABILITY = YES_AGGRESSIVE;
				CLANG_WARN_UNREACHABLE_CODE = YES;
				CLANG_WARN__DUPLICATE_METHOD_MATCH = YES;
				COPY_PHASE_STRIP = NO;
				DEBUG_INFORMATION_FORMAT = dwarf;
				ENABLE_STRICT_OBJC_MSGSEND = YES;
				ENABLE_TESTABILITY = YES;
				GCC_C_LANGUAGE_STANDARD = gnu11;
				GCC_DYNAMIC_NO_PIC = NO;
				GCC_NO_COMMON_BLOCKS = YES;
				GCC_OPTIMIZATION_LEVEL = 0;
				GCC_PREPROCESSOR_DEFINITIONS = (
					"DEBUG=1",
					"$(inherited)",
				);
				GCC_WARN_64_TO_32_BIT_CONVERSION = YES;
				GCC_WARN_ABOUT_RETURN_TYPE = YES_ERROR;
				GCC_WARN_UNDECLARED_SELECTOR = YES;
				GCC_WARN_UNINITIALIZED_AUTOS = YES_AGGRESSIVE;
				GCC_WARN_UNUSED_FUNCTION = YES;
				GCC_WARN_UNUSED_VARIABLE = YES;
				IPHONEOS_DEPLOYMENT_TARGET = 14.5;
				MTL_ENABLE_DEBUG_INFO = INCLUDE_SOURCE;
				MTL_FAST_MATH = YES;
				ONLY_ACTIVE_ARCH = YES;
				SDKROOT = iphoneos;
				SWIFT_ACTIVE_COMPILATION_CONDITIONS = DEBUG;
				SWIFT_OPTIMIZATION_LEVEL = "-Onone";
			};
			name = Debug;
		};
		C6837B4A27AE6CC300D86245 /* Release */ = {
			isa = XCBuildConfiguration;
			buildSettings = {
				ALWAYS_SEARCH_USER_PATHS = NO;
				CLANG_ANALYZER_NONNULL = YES;
				CLANG_ANALYZER_NUMBER_OBJECT_CONVERSION = YES_AGGRESSIVE;
				CLANG_CXX_LANGUAGE_STANDARD = "gnu++14";
				CLANG_CXX_LIBRARY = "libc++";
				CLANG_ENABLE_MODULES = YES;
				CLANG_ENABLE_OBJC_ARC = YES;
				CLANG_ENABLE_OBJC_WEAK = YES;
				CLANG_WARN_BLOCK_CAPTURE_AUTORELEASING = YES;
				CLANG_WARN_BOOL_CONVERSION = YES;
				CLANG_WARN_COMMA = YES;
				CLANG_WARN_CONSTANT_CONVERSION = YES;
				CLANG_WARN_DEPRECATED_OBJC_IMPLEMENTATIONS = YES;
				CLANG_WARN_DIRECT_OBJC_ISA_USAGE = YES_ERROR;
				CLANG_WARN_DOCUMENTATION_COMMENTS = YES;
				CLANG_WARN_EMPTY_BODY = YES;
				CLANG_WARN_ENUM_CONVERSION = YES;
				CLANG_WARN_INFINITE_RECURSION = YES;
				CLANG_WARN_INT_CONVERSION = YES;
				CLANG_WARN_NON_LITERAL_NULL_CONVERSION = YES;
				CLANG_WARN_OBJC_IMPLICIT_RETAIN_SELF = YES;
				CLANG_WARN_OBJC_LITERAL_CONVERSION = YES;
				CLANG_WARN_OBJC_ROOT_CLASS = YES_ERROR;
				CLANG_WARN_QUOTED_INCLUDE_IN_FRAMEWORK_HEADER = YES;
				CLANG_WARN_RANGE_LOOP_ANALYSIS = YES;
				CLANG_WARN_STRICT_PROTOTYPES = YES;
				CLANG_WARN_SUSPICIOUS_MOVE = YES;
				CLANG_WARN_UNGUARDED_AVAILABILITY = YES_AGGRESSIVE;
				CLANG_WARN_UNREACHABLE_CODE = YES;
				CLANG_WARN__DUPLICATE_METHOD_MATCH = YES;
				COPY_PHASE_STRIP = NO;
				DEBUG_INFORMATION_FORMAT = "dwarf-with-dsym";
				ENABLE_NS_ASSERTIONS = NO;
				ENABLE_STRICT_OBJC_MSGSEND = YES;
				GCC_C_LANGUAGE_STANDARD = gnu11;
				GCC_NO_COMMON_BLOCKS = YES;
				GCC_WARN_64_TO_32_BIT_CONVERSION = YES;
				GCC_WARN_ABOUT_RETURN_TYPE = YES_ERROR;
				GCC_WARN_UNDECLARED_SELECTOR = YES;
				GCC_WARN_UNINITIALIZED_AUTOS = YES_AGGRESSIVE;
				GCC_WARN_UNUSED_FUNCTION = YES;
				GCC_WARN_UNUSED_VARIABLE = YES;
				IPHONEOS_DEPLOYMENT_TARGET = 14.5;
				MTL_ENABLE_DEBUG_INFO = NO;
				MTL_FAST_MATH = YES;
				SDKROOT = iphoneos;
				SWIFT_COMPILATION_MODE = wholemodule;
				SWIFT_OPTIMIZATION_LEVEL = "-O";
				VALIDATE_PRODUCT = YES;
			};
			name = Release;
		};
		C6837B4C27AE6CC300D86245 /* Debug */ = {
			isa = XCBuildConfiguration;
			buildSettings = {
				ASSETCATALOG_COMPILER_APPICON_NAME = AppIcon;
				ASSETCATALOG_COMPILER_GLOBAL_ACCENT_COLOR_NAME = AccentColor;
				CODE_SIGN_STYLE = Automatic;
				DEVELOPMENT_TEAM = AJ7963Q2TW;
				INFOPLIST_FILE = "OLA UBER CLONE/Info.plist";
				LD_RUNPATH_SEARCH_PATHS = (
					"$(inherited)",
					"@executable_path/Frameworks",
				);
				OTHER_LDFLAGS = "-ObjC";
				PRODUCT_BUNDLE_IDENTIFIER = "com.kartikey.OLA-UBER-CLONE";
				PRODUCT_NAME = "$(TARGET_NAME)";
				SWIFT_VERSION = 5.0;
				TARGETED_DEVICE_FAMILY = "1,2";
				USER_HEADER_SEARCH_PATHS = "\"$(SRCROOT)/OLA UBER CLONE/module.modulemap\"";
			};
			name = Debug;
		};
		C6837B4D27AE6CC300D86245 /* Release */ = {
			isa = XCBuildConfiguration;
			buildSettings = {
				ASSETCATALOG_COMPILER_APPICON_NAME = AppIcon;
				ASSETCATALOG_COMPILER_GLOBAL_ACCENT_COLOR_NAME = AccentColor;
				CODE_SIGN_STYLE = Automatic;
				DEVELOPMENT_TEAM = AJ7963Q2TW;
				INFOPLIST_FILE = "OLA UBER CLONE/Info.plist";
				LD_RUNPATH_SEARCH_PATHS = (
					"$(inherited)",
					"@executable_path/Frameworks",
				);
				OTHER_LDFLAGS = "-ObjC";
				PRODUCT_BUNDLE_IDENTIFIER = "com.kartikey.OLA-UBER-CLONE";
				PRODUCT_NAME = "$(TARGET_NAME)";
				SWIFT_VERSION = 5.0;
				TARGETED_DEVICE_FAMILY = "1,2";
				USER_HEADER_SEARCH_PATHS = "\"$(SRCROOT)/OLA UBER CLONE/module.modulemap\"";
			};
			name = Release;
		};
/* End XCBuildConfiguration section */

/* Begin XCConfigurationList section */
		C6837B3227AE6CC300D86245 /* Build configuration list for PBXProject "OLA UBER CLONE" */ = {
			isa = XCConfigurationList;
			buildConfigurations = (
				C6837B4927AE6CC300D86245 /* Debug */,
				C6837B4A27AE6CC300D86245 /* Release */,
			);
			defaultConfigurationIsVisible = 0;
			defaultConfigurationName = Release;
		};
		C6837B4B27AE6CC300D86245 /* Build configuration list for PBXNativeTarget "OLA UBER CLONE" */ = {
			isa = XCConfigurationList;
			buildConfigurations = (
				C6837B4C27AE6CC300D86245 /* Debug */,
				C6837B4D27AE6CC300D86245 /* Release */,
			);
			defaultConfigurationIsVisible = 0;
			defaultConfigurationName = Release;
		};
/* End XCConfigurationList section */
	};
	rootObject = C6837B2F27AE6CC300D86245 /* Project object */;
}
